// !$*UTF8*$!
{
	archiveVersion = 1;
	classes = {
	};
	objectVersion = 50;
	objects = {

/* Begin PBXBuildFile section */
		452B860F23C2DBAF0034942E /* FollowerListController.swift in Sources */ = {isa = PBXBuildFile; fileRef = 452B860E23C2DBAF0034942E /* FollowerListController.swift */; };
		452B861323C3F6990034942E /* GFTitleLabel.swift in Sources */ = {isa = PBXBuildFile; fileRef = 452B861223C3F6990034942E /* GFTitleLabel.swift */; };
		452B861523C405600034942E /* GFBodyLabel.swift in Sources */ = {isa = PBXBuildFile; fileRef = 452B861423C405600034942E /* GFBodyLabel.swift */; };
		452B861723C406800034942E /* GFAlertController.swift in Sources */ = {isa = PBXBuildFile; fileRef = 452B861623C406800034942E /* GFAlertController.swift */; };
		452B861923C40F880034942E /* UIViewController+Ext.swift in Sources */ = {isa = PBXBuildFile; fileRef = 452B861823C40F880034942E /* UIViewController+Ext.swift */; };
		4554899323E91CDF0091ED61 /* GFEmptyStateView.swift in Sources */ = {isa = PBXBuildFile; fileRef = 4554899223E91CDF0091ED61 /* GFEmptyStateView.swift */; };
		4554899523ECF8A30091ED61 /* UserInfoController.swift in Sources */ = {isa = PBXBuildFile; fileRef = 4554899423ECF8A30091ED61 /* UserInfoController.swift */; };
		457E030A23C58B6E00523057 /* GFContainerView.swift in Sources */ = {isa = PBXBuildFile; fileRef = 457E030923C58B6E00523057 /* GFContainerView.swift */; };
		457E030D23C692F800523057 /* Follower.swift in Sources */ = {isa = PBXBuildFile; fileRef = 457E030C23C692F800523057 /* Follower.swift */; };
		457E030F23C6931F00523057 /* User.swift in Sources */ = {isa = PBXBuildFile; fileRef = 457E030E23C6931F00523057 /* User.swift */; };
		457E031223C6BE7A00523057 /* NetworkManager.swift in Sources */ = {isa = PBXBuildFile; fileRef = 457E031123C6BE7A00523057 /* NetworkManager.swift */; };
		457E031523C6D3D400523057 /* GFError.swift in Sources */ = {isa = PBXBuildFile; fileRef = 457E031423C6D3D400523057 /* GFError.swift */; };
		457E033823C7EADF00523057 /* FollowerCell.swift in Sources */ = {isa = PBXBuildFile; fileRef = 457E033723C7EADF00523057 /* FollowerCell.swift */; };
		457E033A23C7EAFC00523057 /* GFAvatarImageView.swift in Sources */ = {isa = PBXBuildFile; fileRef = 457E033923C7EAFC00523057 /* GFAvatarImageView.swift */; };
		457E033C23CD42C700523057 /* UIHelper.swift in Sources */ = {isa = PBXBuildFile; fileRef = 457E033B23CD42C700523057 /* UIHelper.swift */; };
		459BEBB823BFC22500C73571 /* AppDelegate.swift in Sources */ = {isa = PBXBuildFile; fileRef = 459BEBB723BFC22500C73571 /* AppDelegate.swift */; };
		459BEBBA23BFC22500C73571 /* SceneDelegate.swift in Sources */ = {isa = PBXBuildFile; fileRef = 459BEBB923BFC22500C73571 /* SceneDelegate.swift */; };
		459BEBC123BFC22800C73571 /* Assets.xcassets in Resources */ = {isa = PBXBuildFile; fileRef = 459BEBC023BFC22800C73571 /* Assets.xcassets */; };
		459BEBC423BFC22800C73571 /* LaunchScreen.storyboard in Resources */ = {isa = PBXBuildFile; fileRef = 459BEBC223BFC22800C73571 /* LaunchScreen.storyboard */; };
		459BEBCC23BFCC2F00C73571 /* SearchController.swift in Sources */ = {isa = PBXBuildFile; fileRef = 459BEBCB23BFCC2E00C73571 /* SearchController.swift */; };
		459BEBCE23BFCC5400C73571 /* FavoritesController.swift in Sources */ = {isa = PBXBuildFile; fileRef = 459BEBCD23BFCC5400C73571 /* FavoritesController.swift */; };
		459BEBD123C05AB500C73571 /* GFButton.swift in Sources */ = {isa = PBXBuildFile; fileRef = 459BEBD023C05AB500C73571 /* GFButton.swift */; };
		459BEBD323C05C1B00C73571 /* GFTextField.swift in Sources */ = {isa = PBXBuildFile; fileRef = 459BEBD223C05C1B00C73571 /* GFTextField.swift */; };
/* End PBXBuildFile section */

/* Begin PBXFileReference section */
		452B860E23C2DBAF0034942E /* FollowerListController.swift */ = {isa = PBXFileReference; lastKnownFileType = sourcecode.swift; path = FollowerListController.swift; sourceTree = "<group>"; };
		452B861223C3F6990034942E /* GFTitleLabel.swift */ = {isa = PBXFileReference; lastKnownFileType = sourcecode.swift; path = GFTitleLabel.swift; sourceTree = "<group>"; };
		452B861423C405600034942E /* GFBodyLabel.swift */ = {isa = PBXFileReference; lastKnownFileType = sourcecode.swift; path = GFBodyLabel.swift; sourceTree = "<group>"; };
		452B861623C406800034942E /* GFAlertController.swift */ = {isa = PBXFileReference; lastKnownFileType = sourcecode.swift; path = GFAlertController.swift; sourceTree = "<group>"; };
		452B861823C40F880034942E /* UIViewController+Ext.swift */ = {isa = PBXFileReference; lastKnownFileType = sourcecode.swift; path = "UIViewController+Ext.swift"; sourceTree = "<group>"; };
		4554899223E91CDF0091ED61 /* GFEmptyStateView.swift */ = {isa = PBXFileReference; lastKnownFileType = sourcecode.swift; path = GFEmptyStateView.swift; sourceTree = "<group>"; };
		4554899423ECF8A30091ED61 /* UserInfoController.swift */ = {isa = PBXFileReference; lastKnownFileType = sourcecode.swift; path = UserInfoController.swift; sourceTree = "<group>"; };
		457E030923C58B6E00523057 /* GFContainerView.swift */ = {isa = PBXFileReference; lastKnownFileType = sourcecode.swift; path = GFContainerView.swift; sourceTree = "<group>"; };
		457E030C23C692F800523057 /* Follower.swift */ = {isa = PBXFileReference; lastKnownFileType = sourcecode.swift; path = Follower.swift; sourceTree = "<group>"; };
		457E030E23C6931F00523057 /* User.swift */ = {isa = PBXFileReference; lastKnownFileType = sourcecode.swift; path = User.swift; sourceTree = "<group>"; };
		457E031123C6BE7A00523057 /* NetworkManager.swift */ = {isa = PBXFileReference; lastKnownFileType = sourcecode.swift; path = NetworkManager.swift; sourceTree = "<group>"; };
		457E031423C6D3D400523057 /* GFError.swift */ = {isa = PBXFileReference; lastKnownFileType = sourcecode.swift; path = GFError.swift; sourceTree = "<group>"; };
		457E033723C7EADF00523057 /* FollowerCell.swift */ = {isa = PBXFileReference; lastKnownFileType = sourcecode.swift; path = FollowerCell.swift; sourceTree = "<group>"; };
		457E033923C7EAFC00523057 /* GFAvatarImageView.swift */ = {isa = PBXFileReference; lastKnownFileType = sourcecode.swift; path = GFAvatarImageView.swift; sourceTree = "<group>"; };
		457E033B23CD42C700523057 /* UIHelper.swift */ = {isa = PBXFileReference; lastKnownFileType = sourcecode.swift; path = UIHelper.swift; sourceTree = "<group>"; };
		459BEBB423BFC22500C73571 /* GithubFollowers.app */ = {isa = PBXFileReference; explicitFileType = wrapper.application; includeInIndex = 0; path = GithubFollowers.app; sourceTree = BUILT_PRODUCTS_DIR; };
		459BEBB723BFC22500C73571 /* AppDelegate.swift */ = {isa = PBXFileReference; lastKnownFileType = sourcecode.swift; path = AppDelegate.swift; sourceTree = "<group>"; };
		459BEBB923BFC22500C73571 /* SceneDelegate.swift */ = {isa = PBXFileReference; lastKnownFileType = sourcecode.swift; path = SceneDelegate.swift; sourceTree = "<group>"; };
		459BEBC023BFC22800C73571 /* Assets.xcassets */ = {isa = PBXFileReference; lastKnownFileType = folder.assetcatalog; path = Assets.xcassets; sourceTree = "<group>"; };
		459BEBC323BFC22800C73571 /* Base */ = {isa = PBXFileReference; lastKnownFileType = file.storyboard; name = Base; path = Base.lproj/LaunchScreen.storyboard; sourceTree = "<group>"; };
		459BEBC523BFC22800C73571 /* Info.plist */ = {isa = PBXFileReference; lastKnownFileType = text.plist.xml; path = Info.plist; sourceTree = "<group>"; };
		459BEBCB23BFCC2E00C73571 /* SearchController.swift */ = {isa = PBXFileReference; lastKnownFileType = sourcecode.swift; path = SearchController.swift; sourceTree = "<group>"; };
		459BEBCD23BFCC5400C73571 /* FavoritesController.swift */ = {isa = PBXFileReference; lastKnownFileType = sourcecode.swift; path = FavoritesController.swift; sourceTree = "<group>"; };
		459BEBD023C05AB500C73571 /* GFButton.swift */ = {isa = PBXFileReference; lastKnownFileType = sourcecode.swift; path = GFButton.swift; sourceTree = "<group>"; };
		459BEBD223C05C1B00C73571 /* GFTextField.swift */ = {isa = PBXFileReference; lastKnownFileType = sourcecode.swift; path = GFTextField.swift; sourceTree = "<group>"; };
/* End PBXFileReference section */

/* Begin PBXFrameworksBuildPhase section */
		459BEBB123BFC22500C73571 /* Frameworks */ = {
			isa = PBXFrameworksBuildPhase;
			buildActionMask = 2147483647;
			files = (
			);
			runOnlyForDeploymentPostprocessing = 0;
		};
/* End PBXFrameworksBuildPhase section */

/* Begin PBXGroup section */
		452B861B23C412370034942E /* Screens */ = {
			isa = PBXGroup;
			children = (
				459BEBCB23BFCC2E00C73571 /* SearchController.swift */,
				452B860E23C2DBAF0034942E /* FollowerListController.swift */,
				4554899423ECF8A30091ED61 /* UserInfoController.swift */,
				459BEBCD23BFCC5400C73571 /* FavoritesController.swift */,
			);
			path = Screens;
			sourceTree = "<group>";
		};
		452B861C23C412740034942E /* Custom Views */ = {
			isa = PBXGroup;
			children = (
				457E033623C7EAA700523057 /* Cells */,
				452B861623C406800034942E /* GFAlertController.swift */,
				459BEBD023C05AB500C73571 /* GFButton.swift */,
				459BEBD223C05C1B00C73571 /* GFTextField.swift */,
				452B861223C3F6990034942E /* GFTitleLabel.swift */,
				452B861423C405600034942E /* GFBodyLabel.swift */,
				457E030923C58B6E00523057 /* GFContainerView.swift */,
				457E033923C7EAFC00523057 /* GFAvatarImageView.swift */,
				4554899223E91CDF0091ED61 /* GFEmptyStateView.swift */,
			);
			path = "Custom Views";
			sourceTree = "<group>";
		};
		452B861D23C412A00034942E /* Extensions */ = {
			isa = PBXGroup;
			children = (
				452B861823C40F880034942E /* UIViewController+Ext.swift */,
			);
			path = Extensions;
			sourceTree = "<group>";
		};
		452B861E23C413020034942E /* Support */ = {
			isa = PBXGroup;
			children = (
				459BEBC523BFC22800C73571 /* Info.plist */,
				459BEBB723BFC22500C73571 /* AppDelegate.swift */,
				459BEBB923BFC22500C73571 /* SceneDelegate.swift */,
				459BEBC023BFC22800C73571 /* Assets.xcassets */,
				459BEBC223BFC22800C73571 /* LaunchScreen.storyboard */,
			);
			path = Support;
			sourceTree = "<group>";
		};
		457E030B23C692E100523057 /* Models */ = {
			isa = PBXGroup;
			children = (
				457E030C23C692F800523057 /* Follower.swift */,
				457E030E23C6931F00523057 /* User.swift */,
			);
			path = Models;
			sourceTree = "<group>";
		};
		457E031023C6BE6C00523057 /* Managers */ = {
			isa = PBXGroup;
			children = (
				457E031123C6BE7A00523057 /* NetworkManager.swift */,
			);
			path = Managers;
			sourceTree = "<group>";
		};
		457E031323C6D3C900523057 /* Utilities */ = {
			isa = PBXGroup;
			children = (
				457E031423C6D3D400523057 /* GFError.swift */,
				457E033B23CD42C700523057 /* UIHelper.swift */,
			);
			path = Utilities;
			sourceTree = "<group>";
		};
		457E033623C7EAA700523057 /* Cells */ = {
			isa = PBXGroup;
			children = (
				457E033723C7EADF00523057 /* FollowerCell.swift */,
			);
			path = Cells;
			sourceTree = "<group>";
		};
		459BEBAB23BFC22500C73571 = {
			isa = PBXGroup;
			children = (
				459BEBB623BFC22500C73571 /* GithubFollowers */,
				459BEBB523BFC22500C73571 /* Products */,
			);
			sourceTree = "<group>";
		};
		459BEBB523BFC22500C73571 /* Products */ = {
			isa = PBXGroup;
			children = (
				459BEBB423BFC22500C73571 /* GithubFollowers.app */,
			);
			name = Products;
			sourceTree = "<group>";
		};
		459BEBB623BFC22500C73571 /* GithubFollowers */ = {
			isa = PBXGroup;
			children = (
				457E031323C6D3C900523057 /* Utilities */,
				457E031023C6BE6C00523057 /* Managers */,
				457E030B23C692E100523057 /* Models */,
				452B861B23C412370034942E /* Screens */,
				452B861C23C412740034942E /* Custom Views */,
				452B861D23C412A00034942E /* Extensions */,
				452B861E23C413020034942E /* Support */,
			);
			path = GithubFollowers;
			sourceTree = "<group>";
		};
/* End PBXGroup section */

/* Begin PBXNativeTarget section */
		459BEBB323BFC22500C73571 /* GithubFollowers */ = {
			isa = PBXNativeTarget;
			buildConfigurationList = 459BEBC823BFC22800C73571 /* Build configuration list for PBXNativeTarget "GithubFollowers" */;
			buildPhases = (
				459BEBB023BFC22500C73571 /* Sources */,
				459BEBB123BFC22500C73571 /* Frameworks */,
				459BEBB223BFC22500C73571 /* Resources */,
			);
			buildRules = (
			);
			dependencies = (
			);
			name = GithubFollowers;
			productName = GithubFollowers;
			productReference = 459BEBB423BFC22500C73571 /* GithubFollowers.app */;
			productType = "com.apple.product-type.application";
		};
/* End PBXNativeTarget section */

/* Begin PBXProject section */
		459BEBAC23BFC22500C73571 /* Project object */ = {
			isa = PBXProject;
			attributes = {
				LastSwiftUpdateCheck = 1110;
				LastUpgradeCheck = 1110;
				ORGANIZATIONNAME = "Koty Stannard";
				TargetAttributes = {
					459BEBB323BFC22500C73571 = {
						CreatedOnToolsVersion = 11.1;
					};
				};
			};
			buildConfigurationList = 459BEBAF23BFC22500C73571 /* Build configuration list for PBXProject "GithubFollowers" */;
			compatibilityVersion = "Xcode 9.3";
			developmentRegion = en;
			hasScannedForEncodings = 0;
			knownRegions = (
				en,
				Base,
			);
			mainGroup = 459BEBAB23BFC22500C73571;
			productRefGroup = 459BEBB523BFC22500C73571 /* Products */;
			projectDirPath = "";
			projectRoot = "";
			targets = (
				459BEBB323BFC22500C73571 /* GithubFollowers */,
			);
		};
/* End PBXProject section */

/* Begin PBXResourcesBuildPhase section */
		459BEBB223BFC22500C73571 /* Resources */ = {
			isa = PBXResourcesBuildPhase;
			buildActionMask = 2147483647;
			files = (
				459BEBC423BFC22800C73571 /* LaunchScreen.storyboard in Resources */,
				459BEBC123BFC22800C73571 /* Assets.xcassets in Resources */,
			);
			runOnlyForDeploymentPostprocessing = 0;
		};
/* End PBXResourcesBuildPhase section */

/* Begin PBXSourcesBuildPhase section */
		459BEBB023BFC22500C73571 /* Sources */ = {
			isa = PBXSourcesBuildPhase;
			buildActionMask = 2147483647;
			files = (
				452B860F23C2DBAF0034942E /* FollowerListController.swift in Sources */,
				459BEBD323C05C1B00C73571 /* GFTextField.swift in Sources */,
				459BEBB823BFC22500C73571 /* AppDelegate.swift in Sources */,
				452B861923C40F880034942E /* UIViewController+Ext.swift in Sources */,
				452B861723C406800034942E /* GFAlertController.swift in Sources */,
				4554899323E91CDF0091ED61 /* GFEmptyStateView.swift in Sources */,
				459BEBD123C05AB500C73571 /* GFButton.swift in Sources */,
				457E030F23C6931F00523057 /* User.swift in Sources */,
				457E033823C7EADF00523057 /* FollowerCell.swift in Sources */,
				457E033A23C7EAFC00523057 /* GFAvatarImageView.swift in Sources */,
				452B861523C405600034942E /* GFBodyLabel.swift in Sources */,
				457E030D23C692F800523057 /* Follower.swift in Sources */,
				452B861323C3F6990034942E /* GFTitleLabel.swift in Sources */,
				459BEBCC23BFCC2F00C73571 /* SearchController.swift in Sources */,
				459BEBBA23BFC22500C73571 /* SceneDelegate.swift in Sources */,
				457E031523C6D3D400523057 /* GFError.swift in Sources */,
				457E033C23CD42C700523057 /* UIHelper.swift in Sources */,
				457E031223C6BE7A00523057 /* NetworkManager.swift in Sources */,
				4554899523ECF8A30091ED61 /* UserInfoController.swift in Sources */,
				459BEBCE23BFCC5400C73571 /* FavoritesController.swift in Sources */,
				457E030A23C58B6E00523057 /* GFContainerView.swift in Sources */,
			);
			runOnlyForDeploymentPostprocessing = 0;
		};
/* End PBXSourcesBuildPhase section */

/* Begin PBXVariantGroup section */
		459BEBC223BFC22800C73571 /* LaunchScreen.storyboard */ = {
			isa = PBXVariantGroup;
			children = (
				459BEBC323BFC22800C73571 /* Base */,
			);
			name = LaunchScreen.storyboard;
			sourceTree = "<group>";
		};
/* End PBXVariantGroup section */

/* Begin XCBuildConfiguration section */
		459BEBC623BFC22800C73571 /* Debug */ = {
			isa = XCBuildConfiguration;
			buildSettings = {
				ALWAYS_SEARCH_USER_PATHS = NO;
				CLANG_ANALYZER_NONNULL = YES;
				CLANG_ANALYZER_NUMBER_OBJECT_CONVERSION = YES_AGGRESSIVE;
				CLANG_CXX_LANGUAGE_STANDARD = "gnu++14";
				CLANG_CXX_LIBRARY = "libc++";
				CLANG_ENABLE_MODULES = YES;
				CLANG_ENABLE_OBJC_ARC = YES;
				CLANG_ENABLE_OBJC_WEAK = YES;
				CLANG_WARN_BLOCK_CAPTURE_AUTORELEASING = YES;
				CLANG_WARN_BOOL_CONVERSION = YES;
				CLANG_WARN_COMMA = YES;
				CLANG_WARN_CONSTANT_CONVERSION = YES;
				CLANG_WARN_DEPRECATED_OBJC_IMPLEMENTATIONS = YES;
				CLANG_WARN_DIRECT_OBJC_ISA_USAGE = YES_ERROR;
				CLANG_WARN_DOCUMENTATION_COMMENTS = YES;
				CLANG_WARN_EMPTY_BODY = YES;
				CLANG_WARN_ENUM_CONVERSION = YES;
				CLANG_WARN_INFINITE_RECURSION = YES;
				CLANG_WARN_INT_CONVERSION = YES;
				CLANG_WARN_NON_LITERAL_NULL_CONVERSION = YES;
				CLANG_WARN_OBJC_IMPLICIT_RETAIN_SELF = YES;
				CLANG_WARN_OBJC_LITERAL_CONVERSION = YES;
				CLANG_WARN_OBJC_ROOT_CLASS = YES_ERROR;
				CLANG_WARN_RANGE_LOOP_ANALYSIS = YES;
				CLANG_WARN_STRICT_PROTOTYPES = YES;
				CLANG_WARN_SUSPICIOUS_MOVE = YES;
				CLANG_WARN_UNGUARDED_AVAILABILITY = YES_AGGRESSIVE;
				CLANG_WARN_UNREACHABLE_CODE = YES;
				CLANG_WARN__DUPLICATE_METHOD_MATCH = YES;
				COPY_PHASE_STRIP = NO;
				DEBUG_INFORMATION_FORMAT = dwarf;
				ENABLE_STRICT_OBJC_MSGSEND = YES;
				ENABLE_TESTABILITY = YES;
				GCC_C_LANGUAGE_STANDARD = gnu11;
				GCC_DYNAMIC_NO_PIC = NO;
				GCC_NO_COMMON_BLOCKS = YES;
				GCC_OPTIMIZATION_LEVEL = 0;
				GCC_PREPROCESSOR_DEFINITIONS = (
					"DEBUG=1",
					"$(inherited)",
				);
				GCC_WARN_64_TO_32_BIT_CONVERSION = YES;
				GCC_WARN_ABOUT_RETURN_TYPE = YES_ERROR;
				GCC_WARN_UNDECLARED_SELECTOR = YES;
				GCC_WARN_UNINITIALIZED_AUTOS = YES_AGGRESSIVE;
				GCC_WARN_UNUSED_FUNCTION = YES;
				GCC_WARN_UNUSED_VARIABLE = YES;
				IPHONEOS_DEPLOYMENT_TARGET = 13.1;
				MTL_ENABLE_DEBUG_INFO = INCLUDE_SOURCE;
				MTL_FAST_MATH = YES;
				ONLY_ACTIVE_ARCH = YES;
				SDKROOT = iphoneos;
				SWIFT_ACTIVE_COMPILATION_CONDITIONS = DEBUG;
				SWIFT_OPTIMIZATION_LEVEL = "-Onone";
			};
			name = Debug;
		};
		459BEBC723BFC22800C73571 /* Release */ = {
			isa = XCBuildConfiguration;
			buildSettings = {
				ALWAYS_SEARCH_USER_PATHS = NO;
				CLANG_ANALYZER_NONNULL = YES;
				CLANG_ANALYZER_NUMBER_OBJECT_CONVERSION = YES_AGGRESSIVE;
				CLANG_CXX_LANGUAGE_STANDARD = "gnu++14";
				CLANG_CXX_LIBRARY = "libc++";
				CLANG_ENABLE_MODULES = YES;
				CLANG_ENABLE_OBJC_ARC = YES;
				CLANG_ENABLE_OBJC_WEAK = YES;
				CLANG_WARN_BLOCK_CAPTURE_AUTORELEASING = YES;
				CLANG_WARN_BOOL_CONVERSION = YES;
				CLANG_WARN_COMMA = YES;
				CLANG_WARN_CONSTANT_CONVERSION = YES;
				CLANG_WARN_DEPRECATED_OBJC_IMPLEMENTATIONS = YES;
				CLANG_WARN_DIRECT_OBJC_ISA_USAGE = YES_ERROR;
				CLANG_WARN_DOCUMENTATION_COMMENTS = YES;
				CLANG_WARN_EMPTY_BODY = YES;
				CLANG_WARN_ENUM_CONVERSION = YES;
				CLANG_WARN_INFINITE_RECURSION = YES;
				CLANG_WARN_INT_CONVERSION = YES;
				CLANG_WARN_NON_LITERAL_NULL_CONVERSION = YES;
				CLANG_WARN_OBJC_IMPLICIT_RETAIN_SELF = YES;
				CLANG_WARN_OBJC_LITERAL_CONVERSION = YES;
				CLANG_WARN_OBJC_ROOT_CLASS = YES_ERROR;
				CLANG_WARN_RANGE_LOOP_ANALYSIS = YES;
				CLANG_WARN_STRICT_PROTOTYPES = YES;
				CLANG_WARN_SUSPICIOUS_MOVE = YES;
				CLANG_WARN_UNGUARDED_AVAILABILITY = YES_AGGRESSIVE;
				CLANG_WARN_UNREACHABLE_CODE = YES;
				CLANG_WARN__DUPLICATE_METHOD_MATCH = YES;
				COPY_PHASE_STRIP = NO;
				DEBUG_INFORMATION_FORMAT = "dwarf-with-dsym";
				ENABLE_NS_ASSERTIONS = NO;
				ENABLE_STRICT_OBJC_MSGSEND = YES;
				GCC_C_LANGUAGE_STANDARD = gnu11;
				GCC_NO_COMMON_BLOCKS = YES;
				GCC_WARN_64_TO_32_BIT_CONVERSION = YES;
				GCC_WARN_ABOUT_RETURN_TYPE = YES_ERROR;
				GCC_WARN_UNDECLARED_SELECTOR = YES;
				GCC_WARN_UNINITIALIZED_AUTOS = YES_AGGRESSIVE;
				GCC_WARN_UNUSED_FUNCTION = YES;
				GCC_WARN_UNUSED_VARIABLE = YES;
				IPHONEOS_DEPLOYMENT_TARGET = 13.1;
				MTL_ENABLE_DEBUG_INFO = NO;
				MTL_FAST_MATH = YES;
				SDKROOT = iphoneos;
				SWIFT_COMPILATION_MODE = wholemodule;
				SWIFT_OPTIMIZATION_LEVEL = "-O";
				VALIDATE_PRODUCT = YES;
			};
			name = Release;
		};
		459BEBC923BFC22800C73571 /* Debug */ = {
			isa = XCBuildConfiguration;
			buildSettings = {
				ASSETCATALOG_COMPILER_APPICON_NAME = AppIcon;
				CODE_SIGN_STYLE = Automatic;
				DEVELOPMENT_TEAM = R5JCWQ932H;
				INFOPLIST_FILE = GithubFollowers/Support/Info.plist;
				LD_RUNPATH_SEARCH_PATHS = (
					"$(inherited)",
					"@executable_path/Frameworks",
				);
				PRODUCT_BUNDLE_IDENTIFIER = com.kotystannard.GithubFollowers;
				PRODUCT_NAME = "$(TARGET_NAME)";
				SWIFT_VERSION = 5.0;
				TARGETED_DEVICE_FAMILY = 1;
			};
			name = Debug;
		};
		459BEBCA23BFC22800C73571 /* Release */ = {
			isa = XCBuildConfiguration;
			buildSettings = {
				ASSETCATALOG_COMPILER_APPICON_NAME = AppIcon;
				CODE_SIGN_STYLE = Automatic;
				DEVELOPMENT_TEAM = R5JCWQ932H;
				INFOPLIST_FILE = GithubFollowers/Support/Info.plist;
				LD_RUNPATH_SEARCH_PATHS = (
					"$(inherited)",
					"@executable_path/Frameworks",
				);
				PRODUCT_BUNDLE_IDENTIFIER = com.kotystannard.GithubFollowers;
				PRODUCT_NAME = "$(TARGET_NAME)";
				SWIFT_VERSION = 5.0;
				TARGETED_DEVICE_FAMILY = 1;
			};
			name = Release;
		};
/* End XCBuildConfiguration section */

/* Begin XCConfigurationList section */
		459BEBAF23BFC22500C73571 /* Build configuration list for PBXProject "GithubFollowers" */ = {
			isa = XCConfigurationList;
			buildConfigurations = (
				459BEBC623BFC22800C73571 /* Debug */,
				459BEBC723BFC22800C73571 /* Release */,
			);
			defaultConfigurationIsVisible = 0;
			defaultConfigurationName = Release;
		};
		459BEBC823BFC22800C73571 /* Build configuration list for PBXNativeTarget "GithubFollowers" */ = {
			isa = XCConfigurationList;
			buildConfigurations = (
				459BEBC923BFC22800C73571 /* Debug */,
				459BEBCA23BFC22800C73571 /* Release */,
			);
			defaultConfigurationIsVisible = 0;
			defaultConfigurationName = Release;
		};
/* End XCConfigurationList section */
	};
	rootObject = 459BEBAC23BFC22500C73571 /* Project object */;
}
